// !$*UTF8*$!
{
	archiveVersion = 1;
	classes = {
	};
	objectVersion = 50;
	objects = {

/* Begin PBXBuildFile section */
		9DBC36C925D029DF00E403CB /* AppDelegate.m in Sources */ = {isa = PBXBuildFile; fileRef = 9DBC36C825D029DF00E403CB /* AppDelegate.m */; };
		9DBC36CC25D029DF00E403CB /* SceneDelegate.m in Sources */ = {isa = PBXBuildFile; fileRef = 9DBC36CB25D029DF00E403CB /* SceneDelegate.m */; };
		9DBC36CF25D029DF00E403CB /* ViewController.m in Sources */ = {isa = PBXBuildFile; fileRef = 9DBC36CE25D029DF00E403CB /* ViewController.m */; };
		9DBC36D225D029DF00E403CB /* Main.storyboard in Resources */ = {isa = PBXBuildFile; fileRef = 9DBC36D025D029DF00E403CB /* Main.storyboard */; };
		9DBC36D425D029E100E403CB /* Assets.xcassets in Resources */ = {isa = PBXBuildFile; fileRef = 9DBC36D325D029E100E403CB /* Assets.xcassets */; };
		9DBC36D725D029E100E403CB /* LaunchScreen.storyboard in Resources */ = {isa = PBXBuildFile; fileRef = 9DBC36D525D029E100E403CB /* LaunchScreen.storyboard */; };
		9DBC36DA25D029E100E403CB /* main.m in Sources */ = {isa = PBXBuildFile; fileRef = 9DBC36D925D029E100E403CB /* main.m */; };
		9DBC36E325D02A0000E403CB /* Person.m in Sources */ = {isa = PBXBuildFile; fileRef = 9DBC36E225D02A0000E403CB /* Person.m */; };
/* End PBXBuildFile section */

/* Begin PBXFileReference section */
		9DBC36C425D029DF00E403CB /* iOS_Runtime.app */ = {isa = PBXFileReference; explicitFileType = wrapper.application; includeInIndex = 0; path = iOS_Runtime.app; sourceTree = BUILT_PRODUCTS_DIR; };
		9DBC36C725D029DF00E403CB /* AppDelegate.h */ = {isa = PBXFileReference; lastKnownFileType = sourcecode.c.h; path = AppDelegate.h; sourceTree = "<group>"; };
		9DBC36C825D029DF00E403CB /* AppDelegate.m */ = {isa = PBXFileReference; lastKnownFileType = sourcecode.c.objc; path = AppDelegate.m; sourceTree = "<group>"; };
		9DBC36CA25D029DF00E403CB /* SceneDelegate.h */ = {isa = PBXFileReference; lastKnownFileType = sourcecode.c.h; path = SceneDelegate.h; sourceTree = "<group>"; };
		9DBC36CB25D029DF00E403CB /* SceneDelegate.m */ = {isa = PBXFileReference; lastKnownFileType = sourcecode.c.objc; path = SceneDelegate.m; sourceTree = "<group>"; };
		9DBC36CD25D029DF00E403CB /* ViewController.h */ = {isa = PBXFileReference; lastKnownFileType = sourcecode.c.h; path = ViewController.h; sourceTree = "<group>"; };
		9DBC36CE25D029DF00E403CB /* ViewController.m */ = {isa = PBXFileReference; lastKnownFileType = sourcecode.c.objc; path = ViewController.m; sourceTree = "<group>"; };
		9DBC36D125D029DF00E403CB /* Base */ = {isa = PBXFileReference; lastKnownFileType = file.storyboard; name = Base; path = Base.lproj/Main.storyboard; sourceTree = "<group>"; };
		9DBC36D325D029E100E403CB /* Assets.xcassets */ = {isa = PBXFileReference; lastKnownFileType = folder.assetcatalog; path = Assets.xcassets; sourceTree = "<group>"; };
		9DBC36D625D029E100E403CB /* Base */ = {isa = PBXFileReference; lastKnownFileType = file.storyboard; name = Base; path = Base.lproj/LaunchScreen.storyboard; sourceTree = "<group>"; };
		9DBC36D825D029E100E403CB /* Info.plist */ = {isa = PBXFileReference; lastKnownFileType = text.plist.xml; path = Info.plist; sourceTree = "<group>"; };
		9DBC36D925D029E100E403CB /* main.m */ = {isa = PBXFileReference; lastKnownFileType = sourcecode.c.objc; path = main.m; sourceTree = "<group>"; };
		9DBC36E125D02A0000E403CB /* Person.h */ = {isa = PBXFileReference; lastKnownFileType = sourcecode.c.h; path = Person.h; sourceTree = "<group>"; };
		9DBC36E225D02A0000E403CB /* Person.m */ = {isa = PBXFileReference; lastKnownFileType = sourcecode.c.objc; path = Person.m; sourceTree = "<group>"; };
/* End PBXFileReference section */

/* Begin PBXFrameworksBuildPhase section */
		9DBC36C125D029DF00E403CB /* Frameworks */ = {
			isa = PBXFrameworksBuildPhase;
			buildActionMask = 2147483647;
			files = (
			);
			runOnlyForDeploymentPostprocessing = 0;
		};
/* End PBXFrameworksBuildPhase section */

/* Begin PBXGroup section */
		9DBC36BB25D029DF00E403CB = {
			isa = PBXGroup;
			children = (
				9DBC36C625D029DF00E403CB /* iOS_Runtime */,
				9DBC36C525D029DF00E403CB /* Products */,
			);
			sourceTree = "<group>";
		};
		9DBC36C525D029DF00E403CB /* Products */ = {
			isa = PBXGroup;
			children = (
				9DBC36C425D029DF00E403CB /* iOS_Runtime.app */,
			);
			name = Products;
			sourceTree = "<group>";
		};
		9DBC36C625D029DF00E403CB /* iOS_Runtime */ = {
			isa = PBXGroup;
			children = (
				9DBC36E025D029EC00E403CB /* MyFiles */,
				9DBC36C725D029DF00E403CB /* AppDelegate.h */,
				9DBC36C825D029DF00E403CB /* AppDelegate.m */,
				9DBC36CA25D029DF00E403CB /* SceneDelegate.h */,
				9DBC36CB25D029DF00E403CB /* SceneDelegate.m */,
				9DBC36CD25D029DF00E403CB /* ViewController.h */,
				9DBC36CE25D029DF00E403CB /* ViewController.m */,
				9DBC36D025D029DF00E403CB /* Main.storyboard */,
				9DBC36D325D029E100E403CB /* Assets.xcassets */,
				9DBC36D525D029E100E403CB /* LaunchScreen.storyboard */,
				9DBC36D825D029E100E403CB /* Info.plist */,
				9DBC36D925D029E100E403CB /* main.m */,
			);
			path = iOS_Runtime;
			sourceTree = "<group>";
		};
		9DBC36E025D029EC00E403CB /* MyFiles */ = {
			isa = PBXGroup;
			children = (
				9DBC36E125D02A0000E403CB /* Person.h */,
				9DBC36E225D02A0000E403CB /* Person.m */,
			);
			path = MyFiles;
			sourceTree = "<group>";
		};
/* End PBXGroup section */

/* Begin PBXNativeTarget section */
		9DBC36C325D029DF00E403CB /* iOS_Runtime */ = {
			isa = PBXNativeTarget;
			buildConfigurationList = 9DBC36DD25D029E100E403CB /* Build configuration list for PBXNativeTarget "iOS_Runtime" */;
			buildPhases = (
				9DBC36C025D029DF00E403CB /* Sources */,
				9DBC36C125D029DF00E403CB /* Frameworks */,
				9DBC36C225D029DF00E403CB /* Resources */,
			);
			buildRules = (
			);
			dependencies = (
			);
			name = iOS_Runtime;
			productName = iOS_Runtime;
			productReference = 9DBC36C425D029DF00E403CB /* iOS_Runtime.app */;
			productType = "com.apple.product-type.application";
		};
/* End PBXNativeTarget section */

/* Begin PBXProject section */
		9DBC36BC25D029DF00E403CB /* Project object */ = {
			isa = PBXProject;
			attributes = {
				LastUpgradeCheck = 1130;
				ORGANIZATIONNAME = karajan;
				TargetAttributes = {
					9DBC36C325D029DF00E403CB = {
						CreatedOnToolsVersion = 11.3.1;
					};
				};
			};
			buildConfigurationList = 9DBC36BF25D029DF00E403CB /* Build configuration list for PBXProject "iOS_Runtime" */;
			compatibilityVersion = "Xcode 9.3";
			developmentRegion = en;
			hasScannedForEncodings = 0;
			knownRegions = (
				en,
				Base,
			);
			mainGroup = 9DBC36BB25D029DF00E403CB;
			productRefGroup = 9DBC36C525D029DF00E403CB /* Products */;
			projectDirPath = "";
			projectRoot = "";
			targets = (
				9DBC36C325D029DF00E403CB /* iOS_Runtime */,
			);
		};
/* End PBXProject section */

/* Begin PBXResourcesBuildPhase section */
		9DBC36C225D029DF00E403CB /* Resources */ = {
			isa = PBXResourcesBuildPhase;
			buildActionMask = 2147483647;
			files = (
				9DBC36D725D029E100E403CB /* LaunchScreen.storyboard in Resources */,
				9DBC36D425D029E100E403CB /* Assets.xcassets in Resources */,
				9DBC36D225D029DF00E403CB /* Main.storyboard in Resources */,
			);
			runOnlyForDeploymentPostprocessing = 0;
		};
/* End PBXResourcesBuildPhase section */

/* Begin PBXSourcesBuildPhase section */
		9DBC36C025D029DF00E403CB /* Sources */ = {
			isa = PBXSourcesBuildPhase;
			buildActionMask = 2147483647;
			files = (
				9DBC36CF25D029DF00E403CB /* ViewController.m in Sources */,
				9DBC36C925D029DF00E403CB /* AppDelegate.m in Sources */,
				9DBC36E325D02A0000E403CB /* Person.m in Sources */,
				9DBC36DA25D029E100E403CB /* main.m in Sources */,
				9DBC36CC25D029DF00E403CB /* SceneDelegate.m in Sources */,
			);
			runOnlyForDeploymentPostprocessing = 0;
		};
/* End PBXSourcesBuildPhase section */

/* Begin PBXVariantGroup section */
		9DBC36D025D029DF00E403CB /* Main.storyboard */ = {
			isa = PBXVariantGroup;
			children = (
				9DBC36D125D029DF00E403CB /* Base */,
			);
			name = Main.storyboard;
			sourceTree = "<group>";
		};
		9DBC36D525D029E100E403CB /* LaunchScreen.storyboard */ = {
			isa = PBXVariantGroup;
			children = (
				9DBC36D625D029E100E403CB /* Base */,
			);
			name = LaunchScreen.storyboard;
			sourceTree = "<group>";
		};
/* End PBXVariantGroup section */

/* Begin XCBuildConfiguration section */
		9DBC36DB25D029E100E403CB /* Debug */ = {
			isa = XCBuildConfiguration;
			buildSettings = {
				ALWAYS_SEARCH_USER_PATHS = NO;
				CLANG_ANALYZER_NONNULL = YES;
				CLANG_ANALYZER_NUMBER_OBJECT_CONVERSION = YES_AGGRESSIVE;
				CLANG_CXX_LANGUAGE_STANDARD = "gnu++14";
				CLANG_CXX_LIBRARY = "libc++";
				CLANG_ENABLE_MODULES = YES;
				CLANG_ENABLE_OBJC_ARC = YES;
				CLANG_ENABLE_OBJC_WEAK = YES;
				CLANG_WARN_BLOCK_CAPTURE_AUTORELEASING = YES;
				CLANG_WARN_BOOL_CONVERSION = YES;
				CLANG_WARN_COMMA = YES;
				CLANG_WARN_CONSTANT_CONVERSION = YES;
				CLANG_WARN_DEPRECATED_OBJC_IMPLEMENTATIONS = YES;
				CLANG_WARN_DIRECT_OBJC_ISA_USAGE = YES_ERROR;
				CLANG_WARN_DOCUMENTATION_COMMENTS = YES;
				CLANG_WARN_EMPTY_BODY = YES;
				CLANG_WARN_ENUM_CONVERSION = YES;
				CLANG_WARN_INFINITE_RECURSION = YES;
				CLANG_WARN_INT_CONVERSION = YES;
				CLANG_WARN_NON_LITERAL_NULL_CONVERSION = YES;
				CLANG_WARN_OBJC_IMPLICIT_RETAIN_SELF = YES;
				CLANG_WARN_OBJC_LITERAL_CONVERSION = YES;
				CLANG_WARN_OBJC_ROOT_CLASS = YES_ERROR;
				CLANG_WARN_RANGE_LOOP_ANALYSIS = YES;
				CLANG_WARN_STRICT_PROTOTYPES = YES;
				CLANG_WARN_SUSPICIOUS_MOVE = YES;
				CLANG_WARN_UNGUARDED_AVAILABILITY = YES_AGGRESSIVE;
				CLANG_WARN_UNREACHABLE_CODE = YES;
				CLANG_WARN__DUPLICATE_METHOD_MATCH = YES;
				COPY_PHASE_STRIP = NO;
				DEBUG_INFORMATION_FORMAT = dwarf;
				ENABLE_STRICT_OBJC_MSGSEND = YES;
				ENABLE_TESTABILITY = YES;
				GCC_C_LANGUAGE_STANDARD = gnu11;
				GCC_DYNAMIC_NO_PIC = NO;
				GCC_NO_COMMON_BLOCKS = YES;
				GCC_OPTIMIZATION_LEVEL = 0;
				GCC_PREPROCESSOR_DEFINITIONS = (
					"DEBUG=1",
					"$(inherited)",
				);
				GCC_WARN_64_TO_32_BIT_CONVERSION = YES;
				GCC_WARN_ABOUT_RETURN_TYPE = YES_ERROR;
				GCC_WARN_UNDECLARED_SELECTOR = YES;
				GCC_WARN_UNINITIALIZED_AUTOS = YES_AGGRESSIVE;
				GCC_WARN_UNUSED_FUNCTION = YES;
				GCC_WARN_UNUSED_VARIABLE = YES;
				IPHONEOS_DEPLOYMENT_TARGET = 13.2;
				MTL_ENABLE_DEBUG_INFO = INCLUDE_SOURCE;
				MTL_FAST_MATH = YES;
				ONLY_ACTIVE_ARCH = YES;
				SDKROOT = iphoneos;
			};
			name = Debug;
		};
		9DBC36DC25D029E100E403CB /* Release */ = {
			isa = XCBuildConfiguration;
			buildSettings = {
				ALWAYS_SEARCH_USER_PATHS = NO;
				CLANG_ANALYZER_NONNULL = YES;
				CLANG_ANALYZER_NUMBER_OBJECT_CONVERSION = YES_AGGRESSIVE;
				CLANG_CXX_LANGUAGE_STANDARD = "gnu++14";
				CLANG_CXX_LIBRARY = "libc++";
				CLANG_ENABLE_MODULES = YES;
				CLANG_ENABLE_OBJC_ARC = YES;
				CLANG_ENABLE_OBJC_WEAK = YES;
				CLANG_WARN_BLOCK_CAPTURE_AUTORELEASING = YES;
				CLANG_WARN_BOOL_CONVERSION = YES;
				CLANG_WARN_COMMA = YES;
				CLANG_WARN_CONSTANT_CONVERSION = YES;
				CLANG_WARN_DEPRECATED_OBJC_IMPLEMENTATIONS = YES;
				CLANG_WARN_DIRECT_OBJC_ISA_USAGE = YES_ERROR;
				CLANG_WARN_DOCUMENTATION_COMMENTS = YES;
				CLANG_WARN_EMPTY_BODY = YES;
				CLANG_WARN_ENUM_CONVERSION = YES;
				CLANG_WARN_INFINITE_RECURSION = YES;
				CLANG_WARN_INT_CONVERSION = YES;
				CLANG_WARN_NON_LITERAL_NULL_CONVERSION = YES;
				CLANG_WARN_OBJC_IMPLICIT_RETAIN_SELF = YES;
				CLANG_WARN_OBJC_LITERAL_CONVERSION = YES;
				CLANG_WARN_OBJC_ROOT_CLASS = YES_ERROR;
				CLANG_WARN_RANGE_LOOP_ANALYSIS = YES;
				CLANG_WARN_STRICT_PROTOTYPES = YES;
				CLANG_WARN_SUSPICIOUS_MOVE = YES;
				CLANG_WARN_UNGUARDED_AVAILABILITY = YES_AGGRESSIVE;
				CLANG_WARN_UNREACHABLE_CODE = YES;
				CLANG_WARN__DUPLICATE_METHOD_MATCH = YES;
				COPY_PHASE_STRIP = NO;
				DEBUG_INFORMATION_FORMAT = "dwarf-with-dsym";
				ENABLE_NS_ASSERTIONS = NO;
				ENABLE_STRICT_OBJC_MSGSEND = YES;
				GCC_C_LANGUAGE_STANDARD = gnu11;
				GCC_NO_COMMON_BLOCKS = YES;
				GCC_WARN_64_TO_32_BIT_CONVERSION = YES;
				GCC_WARN_ABOUT_RETURN_TYPE = YES_ERROR;
				GCC_WARN_UNDECLARED_SELECTOR = YES;
				GCC_WARN_UNINITIALIZED_AUTOS = YES_AGGRESSIVE;
				GCC_WARN_UNUSED_FUNCTION = YES;
				GCC_WARN_UNUSED_VARIABLE = YES;
				IPHONEOS_DEPLOYMENT_TARGET = 13.2;
				MTL_ENABLE_DEBUG_INFO = NO;
				MTL_FAST_MATH = YES;
				SDKROOT = iphoneos;
				VALIDATE_PRODUCT = YES;
			};
			name = Release;
		};
		9DBC36DE25D029E100E403CB /* Debug */ = {
			isa = XCBuildConfiguration;
			buildSettings = {
				ASSETCATALOG_COMPILER_APPICON_NAME = AppIcon;
				CODE_SIGN_STYLE = Automatic;
				INFOPLIST_FILE = iOS_Runtime/Info.plist;
				LD_RUNPATH_SEARCH_PATHS = (
					"$(inherited)",
					"@executable_path/Frameworks",
				);
				PRODUCT_BUNDLE_IDENTIFIER = "com.MangoChips.AllDevice.iOS-Runtime";
				PRODUCT_NAME = "$(TARGET_NAME)";
				TARGETED_DEVICE_FAMILY = "1,2";
			};
			name = Debug;
		};
		9DBC36DF25D029E100E403CB /* Release */ = {
			isa = XCBuildConfiguration;
			buildSettings = {
				ASSETCATALOG_COMPILER_APPICON_NAME = AppIcon;
				CODE_SIGN_STYLE = Automatic;
				INFOPLIST_FILE = iOS_Runtime/Info.plist;
				LD_RUNPATH_SEARCH_PATHS = (
					"$(inherited)",
					"@executable_path/Frameworks",
				);
				PRODUCT_BUNDLE_IDENTIFIER = "com.MangoChips.AllDevice.iOS-Runtime";
				PRODUCT_NAME = "$(TARGET_NAME)";
				TARGETED_DEVICE_FAMILY = "1,2";
			};
			name = Release;
		};
/* End XCBuildConfiguration section */

/* Begin XCConfigurationList section */
		9DBC36BF25D029DF00E403CB /* Build configuration list for PBXProject "iOS_Runtime" */ = {
			isa = XCConfigurationList;
			buildConfigurations = (
				9DBC36DB25D029E100E403CB /* Debug */,
				9DBC36DC25D029E100E403CB /* Release */,
			);
			defaultConfigurationIsVisible = 0;
			defaultConfigurationName = Release;
		};
		9DBC36DD25D029E100E403CB /* Build configuration list for PBXNativeTarget "iOS_Runtime" */ = {
			isa = XCConfigurationList;
			buildConfigurations = (
				9DBC36DE25D029E100E403CB /* Debug */,
				9DBC36DF25D029E100E403CB /* Release */,
			);
			defaultConfigurationIsVisible = 0;
			defaultConfigurationName = Release;
		};
/* End XCConfigurationList section */
	};
	rootObject = 9DBC36BC25D029DF00E403CB /* Project object */;
}
